// !$*UTF8*$!
{
	archiveVersion = 1;
	classes = {
	};
	objectVersion = 46;
	objects = {

/* Begin PBXBuildFile section */
		C0CD84511EA54BE900843B50 /* AppDelegate.swift in Sources */ = {isa = PBXBuildFile; fileRef = C0CD84501EA54BE900843B50 /* AppDelegate.swift */; };
		C0CD84531EA54BE900843B50 /* ViewController.swift in Sources */ = {isa = PBXBuildFile; fileRef = C0CD84521EA54BE900843B50 /* ViewController.swift */; };
		C0CD84561EA54BE900843B50 /* Main.storyboard in Resources */ = {isa = PBXBuildFile; fileRef = C0CD84541EA54BE900843B50 /* Main.storyboard */; };
		C0CD84591EA54BE900843B50 /* Scribe.xcdatamodeld in Sources */ = {isa = PBXBuildFile; fileRef = C0CD84571EA54BE900843B50 /* Scribe.xcdatamodeld */; };
		C0CD845B1EA54BE900843B50 /* Assets.xcassets in Resources */ = {isa = PBXBuildFile; fileRef = C0CD845A1EA54BE900843B50 /* Assets.xcassets */; };
		C0CD845E1EA54BE900843B50 /* LaunchScreen.storyboard in Resources */ = {isa = PBXBuildFile; fileRef = C0CD845C1EA54BE900843B50 /* LaunchScreen.storyboard */; };
/* End PBXBuildFile section */

/* Begin PBXFileReference section */
		C0CD844D1EA54BE900843B50 /* Scribe.app */ = {isa = PBXFileReference; explicitFileType = wrapper.application; includeInIndex = 0; path = Scribe.app; sourceTree = BUILT_PRODUCTS_DIR; };
		C0CD84501EA54BE900843B50 /* AppDelegate.swift */ = {isa = PBXFileReference; lastKnownFileType = sourcecode.swift; path = AppDelegate.swift; sourceTree = "<group>"; };
		C0CD84521EA54BE900843B50 /* ViewController.swift */ = {isa = PBXFileReference; lastKnownFileType = sourcecode.swift; path = ViewController.swift; sourceTree = "<group>"; };
		C0CD84551EA54BE900843B50 /* Base */ = {isa = PBXFileReference; lastKnownFileType = file.storyboard; name = Base; path = Base.lproj/Main.storyboard; sourceTree = "<group>"; };
		C0CD84581EA54BE900843B50 /* Scribe.xcdatamodel */ = {isa = PBXFileReference; lastKnownFileType = wrapper.xcdatamodel; path = Scribe.xcdatamodel; sourceTree = "<group>"; };
		C0CD845A1EA54BE900843B50 /* Assets.xcassets */ = {isa = PBXFileReference; lastKnownFileType = folder.assetcatalog; path = Assets.xcassets; sourceTree = "<group>"; };
		C0CD845D1EA54BE900843B50 /* Base */ = {isa = PBXFileReference; lastKnownFileType = file.storyboard; name = Base; path = Base.lproj/LaunchScreen.storyboard; sourceTree = "<group>"; };
		C0CD845F1EA54BE900843B50 /* Info.plist */ = {isa = PBXFileReference; lastKnownFileType = text.plist.xml; path = Info.plist; sourceTree = "<group>"; };
/* End PBXFileReference section */

/* Begin PBXFrameworksBuildPhase section */
		C0CD844A1EA54BE900843B50 /* Frameworks */ = {
			isa = PBXFrameworksBuildPhase;
			buildActionMask = 2147483647;
			files = (
			);
			runOnlyForDeploymentPostprocessing = 0;
		};
/* End PBXFrameworksBuildPhase section */

/* Begin PBXGroup section */
		C0CD84441EA54BE900843B50 = {
			isa = PBXGroup;
			children = (
				C0CD844F1EA54BE900843B50 /* Scribe */,
				C0CD844E1EA54BE900843B50 /* Products */,
			);
			sourceTree = "<group>";
		};
		C0CD844E1EA54BE900843B50 /* Products */ = {
			isa = PBXGroup;
			children = (
				C0CD844D1EA54BE900843B50 /* Scribe.app */,
			);
			name = Products;
			sourceTree = "<group>";
		};
		C0CD844F1EA54BE900843B50 /* Scribe */ = {
			isa = PBXGroup;
			children = (
				C0CD84501EA54BE900843B50 /* AppDelegate.swift */,
				C0CD84521EA54BE900843B50 /* ViewController.swift */,
				C0CD84541EA54BE900843B50 /* Main.storyboard */,
				C0CD845A1EA54BE900843B50 /* Assets.xcassets */,
				C0CD845C1EA54BE900843B50 /* LaunchScreen.storyboard */,
				C0CD845F1EA54BE900843B50 /* Info.plist */,
				C0CD84571EA54BE900843B50 /* Scribe.xcdatamodeld */,
			);
			path = Scribe;
			sourceTree = "<group>";
		};
/* End PBXGroup section */

/* Begin PBXNativeTarget section */
		C0CD844C1EA54BE900843B50 /* Scribe */ = {
			isa = PBXNativeTarget;
			buildConfigurationList = C0CD84621EA54BE900843B50 /* Build configuration list for PBXNativeTarget "Scribe" */;
			buildPhases = (
				C0CD84491EA54BE900843B50 /* Sources */,
				C0CD844A1EA54BE900843B50 /* Frameworks */,
				C0CD844B1EA54BE900843B50 /* Resources */,
			);
			buildRules = (
			);
			dependencies = (
			);
			name = Scribe;
			productName = Scribe;
			productReference = C0CD844D1EA54BE900843B50 /* Scribe.app */;
			productType = "com.apple.product-type.application";
		};
/* End PBXNativeTarget section */

/* Begin PBXProject section */
		C0CD84451EA54BE900843B50 /* Project object */ = {
			isa = PBXProject;
			attributes = {
				LastSwiftUpdateCheck = 0830;
				LastUpgradeCheck = 0830;
				ORGANIZATIONNAME = Codetector;
				TargetAttributes = {
					C0CD844C1EA54BE900843B50 = {
						CreatedOnToolsVersion = 8.3.1;
						DevelopmentTeam = 8N2ATYF5VA;
						ProvisioningStyle = Automatic;
					};
				};
			};
			buildConfigurationList = C0CD84481EA54BE900843B50 /* Build configuration list for PBXProject "Scribe" */;
			compatibilityVersion = "Xcode 3.2";
			developmentRegion = English;
			hasScannedForEncodings = 0;
			knownRegions = (
				en,
				Base,
			);
			mainGroup = C0CD84441EA54BE900843B50;
			productRefGroup = C0CD844E1EA54BE900843B50 /* Products */;
			projectDirPath = "";
			projectRoot = "";
			targets = (
				C0CD844C1EA54BE900843B50 /* Scribe */,
			);
		};
/* End PBXProject section */

/* Begin PBXResourcesBuildPhase section */
		C0CD844B1EA54BE900843B50 /* Resources */ = {
			isa = PBXResourcesBuildPhase;
			buildActionMask = 2147483647;
			files = (
				C0CD845E1EA54BE900843B50 /* LaunchScreen.storyboard in Resources */,
				C0CD845B1EA54BE900843B50 /* Assets.xcassets in Resources */,
				C0CD84561EA54BE900843B50 /* Main.storyboard in Resources */,
			);
			runOnlyForDeploymentPostprocessing = 0;
		};
/* End PBXResourcesBuildPhase section */

/* Begin PBXSourcesBuildPhase section */
		C0CD84491EA54BE900843B50 /* Sources */ = {
			isa = PBXSourcesBuildPhase;
			buildActionMask = 2147483647;
			files = (
				C0CD84531EA54BE900843B50 /* ViewController.swift in Sources */,
				C0CD84511EA54BE900843B50 /* AppDelegate.swift in Sources */,
				C0CD84591EA54BE900843B50 /* Scribe.xcdatamodeld in Sources */,
			);
			runOnlyForDeploymentPostprocessing = 0;
		};
/* End PBXSourcesBuildPhase section */

/* Begin PBXVariantGroup section */
		C0CD84541EA54BE900843B50 /* Main.storyboard */ = {
			isa = PBXVariantGroup;
			children = (
				C0CD84551EA54BE900843B50 /* Base */,
			);
			name = Main.storyboard;
			sourceTree = "<group>";
		};
		C0CD845C1EA54BE900843B50 /* LaunchScreen.storyboard */ = {
			isa = PBXVariantGroup;
			children = (
				C0CD845D1EA54BE900843B50 /* Base */,
			);
			name = LaunchScreen.storyboard;
			sourceTree = "<group>";
		};
/* End PBXVariantGroup section */

/* Begin XCBuildConfiguration section */
		C0CD84601EA54BE900843B50 /* Debug */ = {
			isa = XCBuildConfiguration;
			buildSettings = {
				ALWAYS_SEARCH_USER_PATHS = NO;
				CLANG_ANALYZER_NONNULL = YES;
				CLANG_ANALYZER_NUMBER_OBJECT_CONVERSION = YES_AGGRESSIVE;
				CLANG_CXX_LANGUAGE_STANDARD = "gnu++0x";
				CLANG_CXX_LIBRARY = "libc++";
				CLANG_ENABLE_MODULES = YES;
				CLANG_ENABLE_OBJC_ARC = YES;
				CLANG_WARN_BOOL_CONVERSION = YES;
				CLANG_WARN_CONSTANT_CONVERSION = YES;
				CLANG_WARN_DIRECT_OBJC_ISA_USAGE = YES_ERROR;
				CLANG_WARN_DOCUMENTATION_COMMENTS = YES;
				CLANG_WARN_EMPTY_BODY = YES;
				CLANG_WARN_ENUM_CONVERSION = YES;
				CLANG_WARN_INFINITE_RECURSION = YES;
				CLANG_WARN_INT_CONVERSION = YES;
				CLANG_WARN_OBJC_ROOT_CLASS = YES_ERROR;
				CLANG_WARN_SUSPICIOUS_MOVE = YES;
				CLANG_WARN_UNREACHABLE_CODE = YES;
				CLANG_WARN__DUPLICATE_METHOD_MATCH = YES;
				"CODE_SIGN_IDENTITY[sdk=iphoneos*]" = "iPhone Developer";
				COPY_PHASE_STRIP = NO;
				DEBUG_INFORMATION_FORMAT = dwarf;
				ENABLE_STRICT_OBJC_MSGSEND = YES;
				ENABLE_TESTABILITY = YES;
				GCC_C_LANGUAGE_STANDARD = gnu99;
				GCC_DYNAMIC_NO_PIC = NO;
				GCC_NO_COMMON_BLOCKS = YES;
				GCC_OPTIMIZATION_LEVEL = 0;
				GCC_PREPROCESSOR_DEFINITIONS = (
					"DEBUG=1",
					"$(inherited)",
				);
				GCC_WARN_64_TO_32_BIT_CONVERSION = YES;
				GCC_WARN_ABOUT_RETURN_TYPE = YES_ERROR;
				GCC_WARN_UNDECLARED_SELECTOR = YES;
				GCC_WARN_UNINITIALIZED_AUTOS = YES_AGGRESSIVE;
				GCC_WARN_UNUSED_FUNCTION = YES;
				GCC_WARN_UNUSED_VARIABLE = YES;
				IPHONEOS_DEPLOYMENT_TARGET = 10.3;
				MTL_ENABLE_DEBUG_INFO = YES;
				ONLY_ACTIVE_ARCH = YES;
				SDKROOT = iphoneos;
				SWIFT_ACTIVE_COMPILATION_CONDITIONS = DEBUG;
				SWIFT_OPTIMIZATION_LEVEL = "-Onone";
				TARGETED_DEVICE_FAMILY = "1,2";
			};
			name = Debug;
		};
		C0CD84611EA54BE900843B50 /* Release */ = {
			isa = XCBuildConfiguration;
			buildSettings = {
				ALWAYS_SEARCH_USER_PATHS = NO;
				CLANG_ANALYZER_NONNULL = YES;
				CLANG_ANALYZER_NUMBER_OBJECT_CONVERSION = YES_AGGRESSIVE;
				CLANG_CXX_LANGUAGE_STANDARD = "gnu++0x";
				CLANG_CXX_LIBRARY = "libc++";
				CLANG_ENABLE_MODULES = YES;
				CLANG_ENABLE_OBJC_ARC = YES;
				CLANG_WARN_BOOL_CONVERSION = YES;
				CLANG_WARN_CONSTANT_CONVERSION = YES;
				CLANG_WARN_DIRECT_OBJC_ISA_USAGE = YES_ERROR;
				CLANG_WARN_DOCUMENTATION_COMMENTS = YES;
				CLANG_WARN_EMPTY_BODY = YES;
				CLANG_WARN_ENUM_CONVERSION = YES;
				CLANG_WARN_INFINITE_RECURSION = YES;
				CLANG_WARN_INT_CONVERSION = YES;
				CLANG_WARN_OBJC_ROOT_CLASS = YES_ERROR;
				CLANG_WARN_SUSPICIOUS_MOVE = YES;
				CLANG_WARN_UNREACHABLE_CODE = YES;
				CLANG_WARN__DUPLICATE_METHOD_MATCH = YES;
				"CODE_SIGN_IDENTITY[sdk=iphoneos*]" = "iPhone Developer";
				COPY_PHASE_STRIP = NO;
				DEBUG_INFORMATION_FORMAT = "dwarf-with-dsym";
				ENABLE_NS_ASSERTIONS = NO;
				ENABLE_STRICT_OBJC_MSGSEND = YES;
				GCC_C_LANGUAGE_STANDARD = gnu99;
				GCC_NO_COMMON_BLOCKS = YES;
				GCC_WARN_64_TO_32_BIT_CONVERSION = YES;
				GCC_WARN_ABOUT_RETURN_TYPE = YES_ERROR;
				GCC_WARN_UNDECLARED_SELECTOR = YES;
				GCC_WARN_UNINITIALIZED_AUTOS = YES_AGGRESSIVE;
				GCC_WARN_UNUSED_FUNCTION = YES;
				GCC_WARN_UNUSED_VARIABLE = YES;
				IPHONEOS_DEPLOYMENT_TARGET = 10.3;
				MTL_ENABLE_DEBUG_INFO = NO;
				SDKROOT = iphoneos;
				SWIFT_OPTIMIZATION_LEVEL = "-Owholemodule";
				TARGETED_DEVICE_FAMILY = "1,2";
				VALIDATE_PRODUCT = YES;
			};
			name = Release;
		};
		C0CD84631EA54BE900843B50 /* Debug */ = {
			isa = XCBuildConfiguration;
			buildSettings = {
				ASSETCATALOG_COMPILER_APPICON_NAME = AppIcon;
				DEVELOPMENT_TEAM = 8N2ATYF5VA;
				INFOPLIST_FILE = Scribe/Info.plist;
				LD_RUNPATH_SEARCH_PATHS = "$(inherited) @executable_path/Frameworks";
				PRODUCT_BUNDLE_IDENTIFIER = cn.codetector.check.Scribe;
				PRODUCT_NAME = "$(TARGET_NAME)";
				SWIFT_VERSION = 3.0;
			};
			name = Debug;
		};
		C0CD84641EA54BE900843B50 /* Release */ = {
			isa = XCBuildConfiguration;
			buildSettings = {
				ASSETCATALOG_COMPILER_APPICON_NAME = AppIcon;
				DEVELOPMENT_TEAM = 8N2ATYF5VA;
				INFOPLIST_FILE = Scribe/Info.plist;
				LD_RUNPATH_SEARCH_PATHS = "$(inherited) @executable_path/Frameworks";
				PRODUCT_BUNDLE_IDENTIFIER = cn.codetector.check.Scribe;
				PRODUCT_NAME = "$(TARGET_NAME)";
				SWIFT_VERSION = 3.0;
			};
			name = Release;
		};
/* End XCBuildConfiguration section */

/* Begin XCConfigurationList section */
		C0CD84481EA54BE900843B50 /* Build configuration list for PBXProject "Scribe" */ = {
			isa = XCConfigurationList;
			buildConfigurations = (
				C0CD84601EA54BE900843B50 /* Debug */,
				C0CD84611EA54BE900843B50 /* Release */,
			);
			defaultConfigurationIsVisible = 0;
			defaultConfigurationName = Release;
		};
		C0CD84621EA54BE900843B50 /* Build configuration list for PBXNativeTarget "Scribe" */ = {
			isa = XCConfigurationList;
			buildConfigurations = (
				C0CD84631EA54BE900843B50 /* Debug */,
				C0CD84641EA54BE900843B50 /* Release */,
			);
			defaultConfigurationIsVisible = 0;
		};
/* End XCConfigurationList section */

/* Begin XCVersionGroup section */
		C0CD84571EA54BE900843B50 /* Scribe.xcdatamodeld */ = {
			isa = XCVersionGroup;
			children = (
				C0CD84581EA54BE900843B50 /* Scribe.xcdatamodel */,
			);
			currentVersion = C0CD84581EA54BE900843B50 /* Scribe.xcdatamodel */;
			path = Scribe.xcdatamodeld;
			sourceTree = "<group>";
			versionGroupType = wrapper.xcdatamodel;
		};
/* End XCVersionGroup section */
	};
	rootObject = C0CD84451EA54BE900843B50 /* Project object */;
}
